
Microsoft Visual Studio Solution File, Format Version 12.00
# Visual Studio Version 16
VisualStudioVersion = 16.0.32126.315
MinimumVisualStudioVersion = 10.0.40219.1
Project("{FAE04EC0-301F-11D3-BF4B-00C04F79EFBC}") = "Entities", "Entities\Entities.csproj", "{B905E266-A954-4FD5-9155-611D4BAE983F}"
EndProject
Project("{FAE04EC0-301F-11D3-BF4B-00C04F79EFBC}") = "DataAccess", "DataAccess\DataAccess.csproj", "{F2FBD939-8F06-4ACE-88B5-A91180DC1960}"
EndProject
Project("{FAE04EC0-301F-11D3-BF4B-00C04F79EFBC}") = "Business", "Business\Business.csproj", "{9D20993E-CB4E-4793-851D-68DC7AB39EC6}"
EndProject
Project("{FAE04EC0-301F-11D3-BF4B-00C04F79EFBC}") = "ConsoleUI", "ConsoleUI\ConsoleUI.csproj", "{134E9256-5041-4B89-B29B-AE934492787E}"
EndProject
Global
	GlobalSection(SolutionConfigurationPlatforms) = preSolution
		Debug|Any CPU = Debug|Any CPU
		Release|Any CPU = Release|Any CPU
	EndGlobalSection
	GlobalSection(ProjectConfigurationPlatforms) = postSolution
		{B905E266-A954-4FD5-9155-611D4BAE983F}.Debug|Any CPU.ActiveCfg = Debug|Any CPU
		{B905E266-A954-4FD5-9155-611D4BAE983F}.Debug|Any CPU.Build.0 = Debug|Any CPU
		{B905E266-A954-4FD5-9155-611D4BAE983F}.Release|Any CPU.ActiveCfg = Release|Any CPU
		{B905E266-A954-4FD5-9155-611D4BAE983F}.Release|Any CPU.Build.0 = Release|Any CPU
		{F2FBD939-8F06-4ACE-88B5-A91180DC1960}.Debug|Any CPU.ActiveCfg = Debug|Any CPU
		{F2FBD939-8F06-4ACE-88B5-A91180DC1960}.Debug|Any CPU.Build.0 = Debug|Any CPU
		{F2FBD939-8F06-4ACE-88B5-A91180DC1960}.Release|Any CPU.ActiveCfg = Release|Any CPU
		{F2FBD939-8F06-4ACE-88B5-A91180DC1960}.Release|Any CPU.Build.0 = Release|Any CPU
		{9D20993E-CB4E-4793-851D-68DC7AB39EC6}.Debug|Any CPU.ActiveCfg = Debug|Any CPU
		{9D20993E-CB4E-4793-851D-68DC7AB39EC6}.Debug|Any CPU.Build.0 = Debug|Any CPU
		{9D20993E-CB4E-4793-851D-68DC7AB39EC6}.Release|Any CPU.ActiveCfg = Release|Any CPU
		{9D20993E-CB4E-4793-851D-68DC7AB39EC6}.Release|Any CPU.Build.0 = Release|Any CPU
		{134E9256-5041-4B89-B29B-AE934492787E}.Debug|Any CPU.ActiveCfg = Debug|Any CPU
		{134E9256-5041-4B89-B29B-AE934492787E}.Debug|Any CPU.Build.0 = Debug|Any CPU
		{134E9256-5041-4B89-B29B-AE934492787E}.Release|Any CPU.ActiveCfg = Release|Any CPU
		{134E9256-5041-4B89-B29B-AE934492787E}.Release|Any CPU.Build.0 = Release|Any CPU
	EndGlobalSection
	GlobalSection(SolutionProperties) = preSolution
		HideSolutionNode = FALSE
	EndGlobalSection
	GlobalSection(ExtensibilityGlobals) = postSolution
		SolutionGuid = {9A84D925-8A16-42E2-B180-66D11EBEDD24}
	EndGlobalSection
EndGlobal
